
Microsoft Visual Studio Solution File, Format Version 12.00
# Visual Studio 15
VisualStudioVersion = 15.0.28307.539
MinimumVisualStudioVersion = 10.0.40219.1
Project("{FAE04EC0-301F-11D3-BF4B-00C04F79EFBC}") = "Mosaic", "Mosiac\Mosaic.csproj", "{4A2654BB-CFB3-483D-84EF-50522807869A}"
EndProject
Global
	GlobalSection(SolutionConfigurationPlatforms) = preSolution
		Debug|Any CPU = Debug|Any CPU
		Release|Any CPU = Release|Any CPU
	EndGlobalSection
	GlobalSection(ProjectConfigurationPlatforms) = postSolution
		{4A2654BB-CFB3-483D-84EF-50522807869A}.Debug|Any CPU.ActiveCfg = Debug|Any CPU
		{4A2654BB-CFB3-483D-84EF-50522807869A}.Debug|Any CPU.Build.0 = Debug|Any CPU
		{4A2654BB-CFB3-483D-84EF-50522807869A}.Release|Any CPU.ActiveCfg = Release|Any CPU
		{4A2654BB-CFB3-483D-84EF-50522807869A}.Release|Any CPU.Build.0 = Release|Any CPU
	EndGlobalSection
	GlobalSection(SolutionProperties) = preSolution
		HideSolutionNode = FALSE
	EndGlobalSection
	GlobalSection(ExtensibilityGlobals) = postSolution
		SolutionGuid = {98079078-273B-4871-AA99-0AA87C6B22E9}
	EndGlobalSection
EndGlobal
